// !$*UTF8*$!
{
	archiveVersion = 1;
	classes = {
	};
	objectVersion = 50;
	objects = {

/* Begin PBXBuildFile section */
		342EFD0A274DA82A00376997 /* DatabaseManager.swift in Sources */ = {isa = PBXBuildFile; fileRef = 342EFD09274DA82A00376997 /* DatabaseManager.swift */; };
		342EFD0C274DB02300376997 /* CustonPolyline.swift in Sources */ = {isa = PBXBuildFile; fileRef = 342EFD0B274DB02300376997 /* CustonPolyline.swift */; };
		342EFD0F274DB80400376997 /* mapstogpx20211123_234720.gpx in Resources */ = {isa = PBXBuildFile; fileRef = 342EFD0E274DB80400376997 /* mapstogpx20211123_234720.gpx */; };
		342EFD1227612C4700376997 /* WorkoutManager.swift in Sources */ = {isa = PBXBuildFile; fileRef = 342EFD1127612C4700376997 /* WorkoutManager.swift */; };
		342EFD152762CE8C00376997 /* ActivitiesMapViewController.swift in Sources */ = {isa = PBXBuildFile; fileRef = 342EFD142762CE8C00376997 /* ActivitiesMapViewController.swift */; };
		34300595273B39C9004C0D27 /* ActivityTableViewCell.swift in Sources */ = {isa = PBXBuildFile; fileRef = 34300594273B39C9004C0D27 /* ActivityTableViewCell.swift */; };
		3450F26B27D2CCD6004E7266 /* RecordViewModel.swift in Sources */ = {isa = PBXBuildFile; fileRef = 3450F26A27D2CCD6004E7266 /* RecordViewModel.swift */; };
		3450F26D27D2DD42004E7266 /* ActivitiesViewModel.swift in Sources */ = {isa = PBXBuildFile; fileRef = 3450F26C27D2DD42004E7266 /* ActivitiesViewModel.swift */; };
		3450F26F27D2E1BF004E7266 /* ActivityCellViewModel.swift in Sources */ = {isa = PBXBuildFile; fileRef = 3450F26E27D2E1BF004E7266 /* ActivityCellViewModel.swift */; };
		3450F27127D3D879004E7266 /* ActivitiesMapViewModel.swift in Sources */ = {isa = PBXBuildFile; fileRef = 3450F27027D3D879004E7266 /* ActivitiesMapViewModel.swift */; };
		3450F27327D3E952004E7266 /* RecordViewModelTests.swift in Sources */ = {isa = PBXBuildFile; fileRef = 3450F27227D3E952004E7266 /* RecordViewModelTests.swift */; };
		3450F27627D3E9B6004E7266 /* Fake_WorkoutManager.swift in Sources */ = {isa = PBXBuildFile; fileRef = 3450F27527D3E9B6004E7266 /* Fake_WorkoutManager.swift */; };
		3450F27827D3ECE8004E7266 /* Fake_DatabaseManager.swift in Sources */ = {isa = PBXBuildFile; fileRef = 3450F27727D3ECE8004E7266 /* Fake_DatabaseManager.swift */; };
		3450F27A27D3ED78004E7266 /* Fake_AuthorizationManager.swift in Sources */ = {isa = PBXBuildFile; fileRef = 3450F27927D3ED78004E7266 /* Fake_AuthorizationManager.swift */; };
		348350552747177200CDD898 /* Where.xcdatamodeld in Sources */ = {isa = PBXBuildFile; fileRef = 348350532747177200CDD898 /* Where.xcdatamodeld */; };
		3483505727471A7E00CDD898 /* Workout .swift in Sources */ = {isa = PBXBuildFile; fileRef = 3483505627471A7E00CDD898 /* Workout .swift */; };
		348AF4C82739DB7E003D0B00 /* AppDelegate.swift in Sources */ = {isa = PBXBuildFile; fileRef = 348AF4C72739DB7E003D0B00 /* AppDelegate.swift */; };
		348AF4CA2739DB7E003D0B00 /* SceneDelegate.swift in Sources */ = {isa = PBXBuildFile; fileRef = 348AF4C92739DB7E003D0B00 /* SceneDelegate.swift */; };
		348AF4CF2739DB7E003D0B00 /* Main.storyboard in Resources */ = {isa = PBXBuildFile; fileRef = 348AF4CD2739DB7E003D0B00 /* Main.storyboard */; };
		348AF4D12739DB83003D0B00 /* Assets.xcassets in Resources */ = {isa = PBXBuildFile; fileRef = 348AF4D02739DB83003D0B00 /* Assets.xcassets */; };
		348AF4D42739DB83003D0B00 /* LaunchScreen.storyboard in Resources */ = {isa = PBXBuildFile; fileRef = 348AF4D22739DB83003D0B00 /* LaunchScreen.storyboard */; };
		348AF4DF2739DB83003D0B00 /* WhereTests.swift in Sources */ = {isa = PBXBuildFile; fileRef = 348AF4DE2739DB83003D0B00 /* WhereTests.swift */; };
		348AF4FB2739E839003D0B00 /* RecordViewController.swift in Sources */ = {isa = PBXBuildFile; fileRef = 348AF4FA2739E839003D0B00 /* RecordViewController.swift */; };
		348AF5002739EE61003D0B00 /* Colors.swift in Sources */ = {isa = PBXBuildFile; fileRef = 348AF4FF2739EE61003D0B00 /* Colors.swift */; };
		348AF503273B2A8C003D0B00 /* ActivitiesViewController.swift in Sources */ = {isa = PBXBuildFile; fileRef = 348AF502273B2A8B003D0B00 /* ActivitiesViewController.swift */; };
/* End PBXBuildFile section */

/* Begin PBXContainerItemProxy section */
		348AF4DB2739DB83003D0B00 /* PBXContainerItemProxy */ = {
			isa = PBXContainerItemProxy;
			containerPortal = 348AF4BC2739DB7E003D0B00 /* Project object */;
			proxyType = 1;
			remoteGlobalIDString = 348AF4C32739DB7E003D0B00;
			remoteInfo = Where;
		};
/* End PBXContainerItemProxy section */

/* Begin PBXFileReference section */
		342EFD09274DA82A00376997 /* DatabaseManager.swift */ = {isa = PBXFileReference; lastKnownFileType = sourcecode.swift; path = DatabaseManager.swift; sourceTree = "<group>"; };
		342EFD0B274DB02300376997 /* CustonPolyline.swift */ = {isa = PBXFileReference; lastKnownFileType = sourcecode.swift; path = CustonPolyline.swift; sourceTree = "<group>"; };
		342EFD0E274DB80400376997 /* mapstogpx20211123_234720.gpx */ = {isa = PBXFileReference; fileEncoding = 4; lastKnownFileType = text.xml; path = mapstogpx20211123_234720.gpx; sourceTree = "<group>"; };
		342EFD1127612C4700376997 /* WorkoutManager.swift */ = {isa = PBXFileReference; lastKnownFileType = sourcecode.swift; path = WorkoutManager.swift; sourceTree = "<group>"; };
		342EFD142762CE8C00376997 /* ActivitiesMapViewController.swift */ = {isa = PBXFileReference; lastKnownFileType = sourcecode.swift; path = ActivitiesMapViewController.swift; sourceTree = "<group>"; };
		34300594273B39C9004C0D27 /* ActivityTableViewCell.swift */ = {isa = PBXFileReference; lastKnownFileType = sourcecode.swift; path = ActivityTableViewCell.swift; sourceTree = "<group>"; };
		3450F26A27D2CCD6004E7266 /* RecordViewModel.swift */ = {isa = PBXFileReference; lastKnownFileType = sourcecode.swift; path = RecordViewModel.swift; sourceTree = "<group>"; };
		3450F26C27D2DD42004E7266 /* ActivitiesViewModel.swift */ = {isa = PBXFileReference; lastKnownFileType = sourcecode.swift; path = ActivitiesViewModel.swift; sourceTree = "<group>"; };
		3450F26E27D2E1BF004E7266 /* ActivityCellViewModel.swift */ = {isa = PBXFileReference; lastKnownFileType = sourcecode.swift; path = ActivityCellViewModel.swift; sourceTree = "<group>"; };
		3450F27027D3D879004E7266 /* ActivitiesMapViewModel.swift */ = {isa = PBXFileReference; lastKnownFileType = sourcecode.swift; path = ActivitiesMapViewModel.swift; sourceTree = "<group>"; };
		3450F27227D3E952004E7266 /* RecordViewModelTests.swift */ = {isa = PBXFileReference; lastKnownFileType = sourcecode.swift; path = RecordViewModelTests.swift; sourceTree = "<group>"; };
		3450F27527D3E9B6004E7266 /* Fake_WorkoutManager.swift */ = {isa = PBXFileReference; lastKnownFileType = sourcecode.swift; path = Fake_WorkoutManager.swift; sourceTree = "<group>"; };
		3450F27727D3ECE8004E7266 /* Fake_DatabaseManager.swift */ = {isa = PBXFileReference; lastKnownFileType = sourcecode.swift; path = Fake_DatabaseManager.swift; sourceTree = "<group>"; };
		3450F27927D3ED78004E7266 /* Fake_AuthorizationManager.swift */ = {isa = PBXFileReference; lastKnownFileType = sourcecode.swift; path = Fake_AuthorizationManager.swift; sourceTree = "<group>"; };
		348350542747177200CDD898 /* Where.xcdatamodel */ = {isa = PBXFileReference; lastKnownFileType = wrapper.xcdatamodel; path = Where.xcdatamodel; sourceTree = "<group>"; };
		3483505627471A7E00CDD898 /* Workout .swift */ = {isa = PBXFileReference; lastKnownFileType = sourcecode.swift; path = "Workout .swift"; sourceTree = "<group>"; };
		348AF4C42739DB7E003D0B00 /* Where.app */ = {isa = PBXFileReference; explicitFileType = wrapper.application; includeInIndex = 0; path = Where.app; sourceTree = BUILT_PRODUCTS_DIR; };
		348AF4C72739DB7E003D0B00 /* AppDelegate.swift */ = {isa = PBXFileReference; lastKnownFileType = sourcecode.swift; path = AppDelegate.swift; sourceTree = "<group>"; };
		348AF4C92739DB7E003D0B00 /* SceneDelegate.swift */ = {isa = PBXFileReference; lastKnownFileType = sourcecode.swift; path = SceneDelegate.swift; sourceTree = "<group>"; };
		348AF4CE2739DB7E003D0B00 /* Base */ = {isa = PBXFileReference; lastKnownFileType = file.storyboard; name = Base; path = Base.lproj/Main.storyboard; sourceTree = "<group>"; };
		348AF4D02739DB83003D0B00 /* Assets.xcassets */ = {isa = PBXFileReference; lastKnownFileType = folder.assetcatalog; path = Assets.xcassets; sourceTree = "<group>"; };
		348AF4D32739DB83003D0B00 /* Base */ = {isa = PBXFileReference; lastKnownFileType = file.storyboard; name = Base; path = Base.lproj/LaunchScreen.storyboard; sourceTree = "<group>"; };
		348AF4D52739DB83003D0B00 /* Info.plist */ = {isa = PBXFileReference; lastKnownFileType = text.plist.xml; path = Info.plist; sourceTree = "<group>"; };
		348AF4DA2739DB83003D0B00 /* WhereTests.xctest */ = {isa = PBXFileReference; explicitFileType = wrapper.cfbundle; includeInIndex = 0; path = WhereTests.xctest; sourceTree = BUILT_PRODUCTS_DIR; };
		348AF4DE2739DB83003D0B00 /* WhereTests.swift */ = {isa = PBXFileReference; lastKnownFileType = sourcecode.swift; path = WhereTests.swift; sourceTree = "<group>"; };
		348AF4E02739DB83003D0B00 /* Info.plist */ = {isa = PBXFileReference; lastKnownFileType = text.plist.xml; path = Info.plist; sourceTree = "<group>"; };
		348AF4FA2739E839003D0B00 /* RecordViewController.swift */ = {isa = PBXFileReference; lastKnownFileType = sourcecode.swift; path = RecordViewController.swift; sourceTree = "<group>"; };
		348AF4FF2739EE61003D0B00 /* Colors.swift */ = {isa = PBXFileReference; lastKnownFileType = sourcecode.swift; path = Colors.swift; sourceTree = "<group>"; };
		348AF502273B2A8B003D0B00 /* ActivitiesViewController.swift */ = {isa = PBXFileReference; lastKnownFileType = sourcecode.swift; path = ActivitiesViewController.swift; sourceTree = "<group>"; };
/* End PBXFileReference section */

/* Begin PBXFrameworksBuildPhase section */
		348AF4C12739DB7E003D0B00 /* Frameworks */ = {
			isa = PBXFrameworksBuildPhase;
			buildActionMask = 2147483647;
			files = (
			);
			runOnlyForDeploymentPostprocessing = 0;
		};
		348AF4D72739DB83003D0B00 /* Frameworks */ = {
			isa = PBXFrameworksBuildPhase;
			buildActionMask = 2147483647;
			files = (
			);
			runOnlyForDeploymentPostprocessing = 0;
		};
/* End PBXFrameworksBuildPhase section */

/* Begin PBXGroup section */
		342EFD1027612BF800376997 /* Manager */ = {
			isa = PBXGroup;
			children = (
				342EFD09274DA82A00376997 /* DatabaseManager.swift */,
				342EFD1127612C4700376997 /* WorkoutManager.swift */,
			);
			path = Manager;
			sourceTree = "<group>";
		};
		342EFD132762CE5200376997 /* ActivitiesMap */ = {
			isa = PBXGroup;
			children = (
				3450F27027D3D879004E7266 /* ActivitiesMapViewModel.swift */,
				342EFD142762CE8C00376997 /* ActivitiesMapViewController.swift */,
			);
			path = ActivitiesMap;
			sourceTree = "<group>";
		};
		34300593273B37EE004C0D27 /* ActivityCell */ = {
			isa = PBXGroup;
			children = (
				3450F26E27D2E1BF004E7266 /* ActivityCellViewModel.swift */,
				34300594273B39C9004C0D27 /* ActivityTableViewCell.swift */,
			);
			path = ActivityCell;
			sourceTree = "<group>";
		};
		3450F27427D3E99C004E7266 /* Fakes */ = {
			isa = PBXGroup;
			children = (
				3450F27527D3E9B6004E7266 /* Fake_WorkoutManager.swift */,
				3450F27727D3ECE8004E7266 /* Fake_DatabaseManager.swift */,
				3450F27927D3ED78004E7266 /* Fake_AuthorizationManager.swift */,
			);
			path = Fakes;
			sourceTree = "<group>";
		};
		3483504F27447AE400CDD898 /* Model */ = {
			isa = PBXGroup;
			children = (
				3483505627471A7E00CDD898 /* Workout .swift */,
				342EFD0B274DB02300376997 /* CustonPolyline.swift */,
			);
			path = Model;
			sourceTree = "<group>";
		};
		348350522747175600CDD898 /* Resources */ = {
			isa = PBXGroup;
			children = (
				348350532747177200CDD898 /* Where.xcdatamodeld */,
			);
			path = Resources;
			sourceTree = "<group>";
		};
		348AF4BB2739DB7E003D0B00 = {
			isa = PBXGroup;
			children = (
				342EFD0E274DB80400376997 /* mapstogpx20211123_234720.gpx */,
				348AF4C62739DB7E003D0B00 /* Where */,
				348AF4DD2739DB83003D0B00 /* WhereTests */,
				348AF4C52739DB7E003D0B00 /* Products */,
			);
			sourceTree = "<group>";
		};
		348AF4C52739DB7E003D0B00 /* Products */ = {
			isa = PBXGroup;
			children = (
				348AF4C42739DB7E003D0B00 /* Where.app */,
				348AF4DA2739DB83003D0B00 /* WhereTests.xctest */,
			);
			name = Products;
			sourceTree = "<group>";
		};
		348AF4C62739DB7E003D0B00 /* Where */ = {
			isa = PBXGroup;
			children = (
				342EFD132762CE5200376997 /* ActivitiesMap */,
				348AF501273B2A59003D0B00 /* Activities */,
				348AF4F92739E818003D0B00 /* Record */,
				348AF4FE2739EE54003D0B00 /* General */,
				348350522747175600CDD898 /* Resources */,
				3483504F27447AE400CDD898 /* Model */,
				342EFD1027612BF800376997 /* Manager */,
				348AF4C72739DB7E003D0B00 /* AppDelegate.swift */,
				348AF4C92739DB7E003D0B00 /* SceneDelegate.swift */,
				348AF4CD2739DB7E003D0B00 /* Main.storyboard */,
				348AF4D02739DB83003D0B00 /* Assets.xcassets */,
				348AF4D22739DB83003D0B00 /* LaunchScreen.storyboard */,
				348AF4D52739DB83003D0B00 /* Info.plist */,
			);
			path = Where;
			sourceTree = "<group>";
		};
		348AF4DD2739DB83003D0B00 /* WhereTests */ = {
			isa = PBXGroup;
			children = (
				3450F27427D3E99C004E7266 /* Fakes */,
				348AF4DE2739DB83003D0B00 /* WhereTests.swift */,
				3450F27227D3E952004E7266 /* RecordViewModelTests.swift */,
				348AF4E02739DB83003D0B00 /* Info.plist */,
			);
			path = WhereTests;
			sourceTree = "<group>";
		};
		348AF4F92739E818003D0B00 /* Record */ = {
			isa = PBXGroup;
			children = (
				3450F26A27D2CCD6004E7266 /* RecordViewModel.swift */,
				348AF4FA2739E839003D0B00 /* RecordViewController.swift */,
			);
			path = Record;
			sourceTree = "<group>";
		};
		348AF4FE2739EE54003D0B00 /* General */ = {
			isa = PBXGroup;
			children = (
				348AF4FF2739EE61003D0B00 /* Colors.swift */,
			);
			path = General;
			sourceTree = "<group>";
		};
		348AF501273B2A59003D0B00 /* Activities */ = {
			isa = PBXGroup;
			children = (
				34300593273B37EE004C0D27 /* ActivityCell */,
				3450F26C27D2DD42004E7266 /* ActivitiesViewModel.swift */,
				348AF502273B2A8B003D0B00 /* ActivitiesViewController.swift */,
			);
			path = Activities;
			sourceTree = "<group>";
		};
/* End PBXGroup section */

/* Begin PBXNativeTarget section */
		348AF4C32739DB7E003D0B00 /* Where */ = {
			isa = PBXNativeTarget;
			buildConfigurationList = 348AF4EE2739DB83003D0B00 /* Build configuration list for PBXNativeTarget "Where" */;
			buildPhases = (
				348AF4C02739DB7E003D0B00 /* Sources */,
				348AF4C12739DB7E003D0B00 /* Frameworks */,
				348AF4C22739DB7E003D0B00 /* Resources */,
			);
			buildRules = (
			);
			dependencies = (
			);
			name = Where;
			productName = Where;
			productReference = 348AF4C42739DB7E003D0B00 /* Where.app */;
			productType = "com.apple.product-type.application";
		};
		348AF4D92739DB83003D0B00 /* WhereTests */ = {
			isa = PBXNativeTarget;
			buildConfigurationList = 348AF4F12739DB83003D0B00 /* Build configuration list for PBXNativeTarget "WhereTests" */;
			buildPhases = (
				348AF4D62739DB83003D0B00 /* Sources */,
				348AF4D72739DB83003D0B00 /* Frameworks */,
				348AF4D82739DB83003D0B00 /* Resources */,
			);
			buildRules = (
			);
			dependencies = (
				348AF4DC2739DB83003D0B00 /* PBXTargetDependency */,
			);
			name = WhereTests;
			productName = WhereTests;
			productReference = 348AF4DA2739DB83003D0B00 /* WhereTests.xctest */;
			productType = "com.apple.product-type.bundle.unit-test";
		};
/* End PBXNativeTarget section */

/* Begin PBXProject section */
		348AF4BC2739DB7E003D0B00 /* Project object */ = {
			isa = PBXProject;
			attributes = {
				LastSwiftUpdateCheck = 1250;
				LastUpgradeCheck = 1250;
				TargetAttributes = {
					348AF4C32739DB7E003D0B00 = {
						CreatedOnToolsVersion = 12.5.1;
					};
					348AF4D92739DB83003D0B00 = {
						CreatedOnToolsVersion = 12.5.1;
						TestTargetID = 348AF4C32739DB7E003D0B00;
					};
				};
			};
			buildConfigurationList = 348AF4BF2739DB7E003D0B00 /* Build configuration list for PBXProject "Where" */;
			compatibilityVersion = "Xcode 9.3";
			developmentRegion = en;
			hasScannedForEncodings = 0;
			knownRegions = (
				en,
				Base,
			);
			mainGroup = 348AF4BB2739DB7E003D0B00;
			productRefGroup = 348AF4C52739DB7E003D0B00 /* Products */;
			projectDirPath = "";
			projectRoot = "";
			targets = (
				348AF4C32739DB7E003D0B00 /* Where */,
				348AF4D92739DB83003D0B00 /* WhereTests */,
			);
		};
/* End PBXProject section */

/* Begin PBXResourcesBuildPhase section */
		348AF4C22739DB7E003D0B00 /* Resources */ = {
			isa = PBXResourcesBuildPhase;
			buildActionMask = 2147483647;
			files = (
				348AF4D42739DB83003D0B00 /* LaunchScreen.storyboard in Resources */,
				342EFD0F274DB80400376997 /* mapstogpx20211123_234720.gpx in Resources */,
				348AF4D12739DB83003D0B00 /* Assets.xcassets in Resources */,
				348AF4CF2739DB7E003D0B00 /* Main.storyboard in Resources */,
			);
			runOnlyForDeploymentPostprocessing = 0;
		};
		348AF4D82739DB83003D0B00 /* Resources */ = {
			isa = PBXResourcesBuildPhase;
			buildActionMask = 2147483647;
			files = (
			);
			runOnlyForDeploymentPostprocessing = 0;
		};
/* End PBXResourcesBuildPhase section */

/* Begin PBXSourcesBuildPhase section */
		348AF4C02739DB7E003D0B00 /* Sources */ = {
			isa = PBXSourcesBuildPhase;
			buildActionMask = 2147483647;
			files = (
				348AF4FB2739E839003D0B00 /* RecordViewController.swift in Sources */,
				342EFD0A274DA82A00376997 /* DatabaseManager.swift in Sources */,
				342EFD152762CE8C00376997 /* ActivitiesMapViewController.swift in Sources */,
				348AF5002739EE61003D0B00 /* Colors.swift in Sources */,
				342EFD1227612C4700376997 /* WorkoutManager.swift in Sources */,
				342EFD0C274DB02300376997 /* CustonPolyline.swift in Sources */,
				3450F27127D3D879004E7266 /* ActivitiesMapViewModel.swift in Sources */,
				34300595273B39C9004C0D27 /* ActivityTableViewCell.swift in Sources */,
				348350552747177200CDD898 /* Where.xcdatamodeld in Sources */,
				3450F26B27D2CCD6004E7266 /* RecordViewModel.swift in Sources */,
				3450F26D27D2DD42004E7266 /* ActivitiesViewModel.swift in Sources */,
				3450F26F27D2E1BF004E7266 /* ActivityCellViewModel.swift in Sources */,
				3483505727471A7E00CDD898 /* Workout .swift in Sources */,
				348AF503273B2A8C003D0B00 /* ActivitiesViewController.swift in Sources */,
				348AF4C82739DB7E003D0B00 /* AppDelegate.swift in Sources */,
				348AF4CA2739DB7E003D0B00 /* SceneDelegate.swift in Sources */,
			);
			runOnlyForDeploymentPostprocessing = 0;
		};
		348AF4D62739DB83003D0B00 /* Sources */ = {
			isa = PBXSourcesBuildPhase;
			buildActionMask = 2147483647;
			files = (
				3450F27827D3ECE8004E7266 /* Fake_DatabaseManager.swift in Sources */,
				348AF4DF2739DB83003D0B00 /* WhereTests.swift in Sources */,
				3450F27627D3E9B6004E7266 /* Fake_WorkoutManager.swift in Sources */,
				3450F27327D3E952004E7266 /* RecordViewModelTests.swift in Sources */,
				3450F27A27D3ED78004E7266 /* Fake_AuthorizationManager.swift in Sources */,
			);
			runOnlyForDeploymentPostprocessing = 0;
		};
/* End PBXSourcesBuildPhase section */

/* Begin PBXTargetDependency section */
		348AF4DC2739DB83003D0B00 /* PBXTargetDependency */ = {
			isa = PBXTargetDependency;
			target = 348AF4C32739DB7E003D0B00 /* Where */;
			targetProxy = 348AF4DB2739DB83003D0B00 /* PBXContainerItemProxy */;
		};
/* End PBXTargetDependency section */

/* Begin PBXVariantGroup section */
		348AF4CD2739DB7E003D0B00 /* Main.storyboard */ = {
			isa = PBXVariantGroup;
			children = (
				348AF4CE2739DB7E003D0B00 /* Base */,
			);
			name = Main.storyboard;
			sourceTree = "<group>";
		};
		348AF4D22739DB83003D0B00 /* LaunchScreen.storyboard */ = {
			isa = PBXVariantGroup;
			children = (
				348AF4D32739DB83003D0B00 /* Base */,
			);
			name = LaunchScreen.storyboard;
			sourceTree = "<group>";
		};
/* End PBXVariantGroup section */

/* Begin XCBuildConfiguration section */
		348AF4EC2739DB83003D0B00 /* Debug */ = {
			isa = XCBuildConfiguration;
			buildSettings = {
				ALWAYS_SEARCH_USER_PATHS = NO;
				CLANG_ANALYZER_NONNULL = YES;
				CLANG_ANALYZER_NUMBER_OBJECT_CONVERSION = YES_AGGRESSIVE;
				CLANG_CXX_LANGUAGE_STANDARD = "gnu++14";
				CLANG_CXX_LIBRARY = "libc++";
				CLANG_ENABLE_MODULES = YES;
				CLANG_ENABLE_OBJC_ARC = YES;
				CLANG_ENABLE_OBJC_WEAK = YES;
				CLANG_WARN_BLOCK_CAPTURE_AUTORELEASING = YES;
				CLANG_WARN_BOOL_CONVERSION = YES;
				CLANG_WARN_COMMA = YES;
				CLANG_WARN_CONSTANT_CONVERSION = YES;
				CLANG_WARN_DEPRECATED_OBJC_IMPLEMENTATIONS = YES;
				CLANG_WARN_DIRECT_OBJC_ISA_USAGE = YES_ERROR;
				CLANG_WARN_DOCUMENTATION_COMMENTS = YES;
				CLANG_WARN_EMPTY_BODY = YES;
				CLANG_WARN_ENUM_CONVERSION = YES;
				CLANG_WARN_INFINITE_RECURSION = YES;
				CLANG_WARN_INT_CONVERSION = YES;
				CLANG_WARN_NON_LITERAL_NULL_CONVERSION = YES;
				CLANG_WARN_OBJC_IMPLICIT_RETAIN_SELF = YES;
				CLANG_WARN_OBJC_LITERAL_CONVERSION = YES;
				CLANG_WARN_OBJC_ROOT_CLASS = YES_ERROR;
				CLANG_WARN_QUOTED_INCLUDE_IN_FRAMEWORK_HEADER = YES;
				CLANG_WARN_RANGE_LOOP_ANALYSIS = YES;
				CLANG_WARN_STRICT_PROTOTYPES = YES;
				CLANG_WARN_SUSPICIOUS_MOVE = YES;
				CLANG_WARN_UNGUARDED_AVAILABILITY = YES_AGGRESSIVE;
				CLANG_WARN_UNREACHABLE_CODE = YES;
				CLANG_WARN__DUPLICATE_METHOD_MATCH = YES;
				COPY_PHASE_STRIP = NO;
				DEBUG_INFORMATION_FORMAT = dwarf;
				ENABLE_STRICT_OBJC_MSGSEND = YES;
				ENABLE_TESTABILITY = YES;
				GCC_C_LANGUAGE_STANDARD = gnu11;
				GCC_DYNAMIC_NO_PIC = NO;
				GCC_NO_COMMON_BLOCKS = YES;
				GCC_OPTIMIZATION_LEVEL = 0;
				GCC_PREPROCESSOR_DEFINITIONS = (
					"DEBUG=1",
					"$(inherited)",
				);
				GCC_WARN_64_TO_32_BIT_CONVERSION = YES;
				GCC_WARN_ABOUT_RETURN_TYPE = YES_ERROR;
				GCC_WARN_UNDECLARED_SELECTOR = YES;
				GCC_WARN_UNINITIALIZED_AUTOS = YES_AGGRESSIVE;
				GCC_WARN_UNUSED_FUNCTION = YES;
				GCC_WARN_UNUSED_VARIABLE = YES;
				IPHONEOS_DEPLOYMENT_TARGET = 14.5;
				MTL_ENABLE_DEBUG_INFO = INCLUDE_SOURCE;
				MTL_FAST_MATH = YES;
				ONLY_ACTIVE_ARCH = YES;
				SDKROOT = iphoneos;
				SWIFT_ACTIVE_COMPILATION_CONDITIONS = DEBUG;
				SWIFT_OPTIMIZATION_LEVEL = "-Onone";
			};
			name = Debug;
		};
		348AF4ED2739DB83003D0B00 /* Release */ = {
			isa = XCBuildConfiguration;
			buildSettings = {
				ALWAYS_SEARCH_USER_PATHS = NO;
				CLANG_ANALYZER_NONNULL = YES;
				CLANG_ANALYZER_NUMBER_OBJECT_CONVERSION = YES_AGGRESSIVE;
				CLANG_CXX_LANGUAGE_STANDARD = "gnu++14";
				CLANG_CXX_LIBRARY = "libc++";
				CLANG_ENABLE_MODULES = YES;
				CLANG_ENABLE_OBJC_ARC = YES;
				CLANG_ENABLE_OBJC_WEAK = YES;
				CLANG_WARN_BLOCK_CAPTURE_AUTORELEASING = YES;
				CLANG_WARN_BOOL_CONVERSION = YES;
				CLANG_WARN_COMMA = YES;
				CLANG_WARN_CONSTANT_CONVERSION = YES;
				CLANG_WARN_DEPRECATED_OBJC_IMPLEMENTATIONS = YES;
				CLANG_WARN_DIRECT_OBJC_ISA_USAGE = YES_ERROR;
				CLANG_WARN_DOCUMENTATION_COMMENTS = YES;
				CLANG_WARN_EMPTY_BODY = YES;
				CLANG_WARN_ENUM_CONVERSION = YES;
				CLANG_WARN_INFINITE_RECURSION = YES;
				CLANG_WARN_INT_CONVERSION = YES;
				CLANG_WARN_NON_LITERAL_NULL_CONVERSION = YES;
				CLANG_WARN_OBJC_IMPLICIT_RETAIN_SELF = YES;
				CLANG_WARN_OBJC_LITERAL_CONVERSION = YES;
				CLANG_WARN_OBJC_ROOT_CLASS = YES_ERROR;
				CLANG_WARN_QUOTED_INCLUDE_IN_FRAMEWORK_HEADER = YES;
				CLANG_WARN_RANGE_LOOP_ANALYSIS = YES;
				CLANG_WARN_STRICT_PROTOTYPES = YES;
				CLANG_WARN_SUSPICIOUS_MOVE = YES;
				CLANG_WARN_UNGUARDED_AVAILABILITY = YES_AGGRESSIVE;
				CLANG_WARN_UNREACHABLE_CODE = YES;
				CLANG_WARN__DUPLICATE_METHOD_MATCH = YES;
				COPY_PHASE_STRIP = NO;
				DEBUG_INFORMATION_FORMAT = "dwarf-with-dsym";
				ENABLE_NS_ASSERTIONS = NO;
				ENABLE_STRICT_OBJC_MSGSEND = YES;
				GCC_C_LANGUAGE_STANDARD = gnu11;
				GCC_NO_COMMON_BLOCKS = YES;
				GCC_WARN_64_TO_32_BIT_CONVERSION = YES;
				GCC_WARN_ABOUT_RETURN_TYPE = YES_ERROR;
				GCC_WARN_UNDECLARED_SELECTOR = YES;
				GCC_WARN_UNINITIALIZED_AUTOS = YES_AGGRESSIVE;
				GCC_WARN_UNUSED_FUNCTION = YES;
				GCC_WARN_UNUSED_VARIABLE = YES;
				IPHONEOS_DEPLOYMENT_TARGET = 14.5;
				MTL_ENABLE_DEBUG_INFO = NO;
				MTL_FAST_MATH = YES;
				SDKROOT = iphoneos;
				SWIFT_COMPILATION_MODE = wholemodule;
				SWIFT_OPTIMIZATION_LEVEL = "-O";
				VALIDATE_PRODUCT = YES;
			};
			name = Release;
		};
		348AF4EF2739DB83003D0B00 /* Debug */ = {
			isa = XCBuildConfiguration;
			buildSettings = {
				ASSETCATALOG_COMPILER_APPICON_NAME = AppIcon;
				ASSETCATALOG_COMPILER_GLOBAL_ACCENT_COLOR_NAME = AccentColor;
				CODE_SIGN_STYLE = Automatic;
				DEVELOPMENT_TEAM = J273RJ8N9K;
				INFOPLIST_FILE = Where/Info.plist;
				LD_RUNPATH_SEARCH_PATHS = (
					"$(inherited)",
					"@executable_path/Frameworks",
				);
				PRODUCT_BUNDLE_IDENTIFIER = br.com.where.Where;
				PRODUCT_NAME = "$(TARGET_NAME)";
				SWIFT_VERSION = 5.0;
				TARGETED_DEVICE_FAMILY = "1,2";
			};
			name = Debug;
		};
		348AF4F02739DB83003D0B00 /* Release */ = {
			isa = XCBuildConfiguration;
			buildSettings = {
				ASSETCATALOG_COMPILER_APPICON_NAME = AppIcon;
				ASSETCATALOG_COMPILER_GLOBAL_ACCENT_COLOR_NAME = AccentColor;
				CODE_SIGN_STYLE = Automatic;
				DEVELOPMENT_TEAM = J273RJ8N9K;
				INFOPLIST_FILE = Where/Info.plist;
				LD_RUNPATH_SEARCH_PATHS = (
					"$(inherited)",
					"@executable_path/Frameworks",
				);
				PRODUCT_BUNDLE_IDENTIFIER = br.com.where.Where;
				PRODUCT_NAME = "$(TARGET_NAME)";
				SWIFT_VERSION = 5.0;
				TARGETED_DEVICE_FAMILY = "1,2";
			};
			name = Release;
		};
		348AF4F22739DB83003D0B00 /* Debug */ = {
			isa = XCBuildConfiguration;
			buildSettings = {
				ALWAYS_EMBED_SWIFT_STANDARD_LIBRARIES = YES;
				BUNDLE_LOADER = "$(TEST_HOST)";
				CODE_SIGN_STYLE = Automatic;
				DEVELOPMENT_TEAM = J273RJ8N9K;
				INFOPLIST_FILE = WhereTests/Info.plist;
				IPHONEOS_DEPLOYMENT_TARGET = 14.5;
				LD_RUNPATH_SEARCH_PATHS = (
					"$(inherited)",
					"@executable_path/Frameworks",
					"@loader_path/Frameworks",
				);
				PRODUCT_BUNDLE_IDENTIFIER = br.com.where.WhereTests;
				PRODUCT_NAME = "$(TARGET_NAME)";
				SWIFT_VERSION = 5.0;
				TARGETED_DEVICE_FAMILY = "1,2";
				TEST_HOST = "$(BUILT_PRODUCTS_DIR)/Where.app/Where";
			};
			name = Debug;
		};
		348AF4F32739DB83003D0B00 /* Release */ = {
			isa = XCBuildConfiguration;
			buildSettings = {
				ALWAYS_EMBED_SWIFT_STANDARD_LIBRARIES = YES;
				BUNDLE_LOADER = "$(TEST_HOST)";
				CODE_SIGN_STYLE = Automatic;
				DEVELOPMENT_TEAM = J273RJ8N9K;
				INFOPLIST_FILE = WhereTests/Info.plist;
				IPHONEOS_DEPLOYMENT_TARGET = 14.5;
				LD_RUNPATH_SEARCH_PATHS = (
					"$(inherited)",
					"@executable_path/Frameworks",
					"@loader_path/Frameworks",
				);
				PRODUCT_BUNDLE_IDENTIFIER = br.com.where.WhereTests;
				PRODUCT_NAME = "$(TARGET_NAME)";
				SWIFT_VERSION = 5.0;
				TARGETED_DEVICE_FAMILY = "1,2";
				TEST_HOST = "$(BUILT_PRODUCTS_DIR)/Where.app/Where";
			};
			name = Release;
		};
/* End XCBuildConfiguration section */

/* Begin XCConfigurationList section */
		348AF4BF2739DB7E003D0B00 /* Build configuration list for PBXProject "Where" */ = {
			isa = XCConfigurationList;
			buildConfigurations = (
				348AF4EC2739DB83003D0B00 /* Debug */,
				348AF4ED2739DB83003D0B00 /* Release */,
			);
			defaultConfigurationIsVisible = 0;
			defaultConfigurationName = Release;
		};
		348AF4EE2739DB83003D0B00 /* Build configuration list for PBXNativeTarget "Where" */ = {
			isa = XCConfigurationList;
			buildConfigurations = (
				348AF4EF2739DB83003D0B00 /* Debug */,
				348AF4F02739DB83003D0B00 /* Release */,
			);
			defaultConfigurationIsVisible = 0;
			defaultConfigurationName = Release;
		};
		348AF4F12739DB83003D0B00 /* Build configuration list for PBXNativeTarget "WhereTests" */ = {
			isa = XCConfigurationList;
			buildConfigurations = (
				348AF4F22739DB83003D0B00 /* Debug */,
				348AF4F32739DB83003D0B00 /* Release */,
			);
			defaultConfigurationIsVisible = 0;
			defaultConfigurationName = Release;
		};
/* End XCConfigurationList section */

/* Begin XCVersionGroup section */
		348350532747177200CDD898 /* Where.xcdatamodeld */ = {
			isa = XCVersionGroup;
			children = (
				348350542747177200CDD898 /* Where.xcdatamodel */,
			);
			currentVersion = 348350542747177200CDD898 /* Where.xcdatamodel */;
			path = Where.xcdatamodeld;
			sourceTree = "<group>";
			versionGroupType = wrapper.xcdatamodel;
		};
/* End XCVersionGroup section */
	};
	rootObject = 348AF4BC2739DB7E003D0B00 /* Project object */;
}
